hash: f96b06632fb7c9b6e0a78f7b2be889e0a1a39d850d8372cf81a6928f181c5e0d
updated: 2018-12-20T14:32:30.349635-08:00
imports:
- name: github.com/armon/go-metrics
  version: f0300d1749da6fa982027e449ec0c7a145510c3c
- name: github.com/aws/aws-sdk-go
  version: af3e5a1c26d7fa4373c6c470f0c796a07584feda
  subpackages:
  - aws
  - aws/awserr
  - aws/awsutil
  - aws/client
  - aws/client/metadata
  - aws/corehandlers
  - aws/credentials
  - aws/credentials/ec2rolecreds
  - aws/credentials/endpointcreds
  - aws/credentials/processcreds
  - aws/credentials/stscreds
  - aws/csm
  - aws/defaults
  - aws/ec2metadata
  - aws/endpoints
  - aws/request
  - aws/session
  - aws/signer/v4
  - internal/ini
  - internal/sdkio
  - internal/sdkrand
  - internal/sdkuri
  - internal/shareddefaults
  - private/protocol
  - private/protocol/query
  - private/protocol/query/queryutil
  - private/protocol/rest
  - private/protocol/xml/xmlutil
  - service/sns
  - service/sns/snsiface
  - service/sts
- name: github.com/beorn7/perks
  version: 3a771d992973f24aa725d07868b467d1ddfceafb
  subpackages:
  - quantile
- name: github.com/billhathaway/consistentHash
  version: addea16d2229dba874111898b45be7f4a78af631
- name: github.com/c9s/goprocinfo
  version: 0010a05ce49fde7f50669bc7ecda7d41dd6ab824
  subpackages:
  - linux
- name: github.com/Comcast/golang-money
  version: 6dded2db26bc71830d013489961b285946f70658
  repo: git@github.com:githubsands/golang-money.git
- name: github.com/Comcast/webpa-common
  version: 61ce39e9b2566f2fbffc72d40078dab7b870b5bc
  repo: git@github.com:githubsands/webpa-common.git
  subpackages:
  - capacitor
  - clock
  - concurrent
  - convey
  - convey/conveyhttp
  - convey/conveymetric
  - device
  - health
  - logging
  - logging/logginghttp
  - resource
  - secure
  - secure/handler
  - secure/key
  - server
  - service
  - service/consul
  - service/monitor
  - service/servicecfg
  - service/servicehttp
  - service/zk
  - tracing
  - tracing/tracinghttp
  - types
  - webhook
  - webhook/aws
  - wrp
  - wrp/wrphttp
  - xhttp
  - xhttp/fanout
  - xhttp/gate
  - xhttp/xcontext
  - xhttp/xfilter
  - xlistener
  - xmetrics
  - xviper
- name: github.com/davecgh/go-spew
  version: d8f796af33cc11cb798c1aaeb27a4ebc5099927d
  subpackages:
  - spew
- name: github.com/fsnotify/fsnotify
  version: ccc981bf80385c528a65fbfdd49bf2d8da22aa23
- name: github.com/go-kit/kit
  version: d8776e0eb53b39a4c78fd29ac5fe5888303b7b94
  subpackages:
  - endpoint
  - log
  - log/level
  - metrics
  - metrics/discard
  - metrics/dogstatsd
  - metrics/expvar
  - metrics/generic
  - metrics/graphite
  - metrics/influx
  - metrics/internal/lv
  - metrics/internal/ratemap
  - metrics/prometheus
  - metrics/provider
  - metrics/statsd
  - sd
  - sd/consul
  - sd/internal/instance
  - sd/zk
  - transport/http
  - util/conn
- name: github.com/go-logfmt/logfmt
  version: 07c9b44f60d7ffdfb7d8efe1ad539965737836dc
- name: github.com/golang/protobuf
  version: 1d3f30b51784bec5aad268e59fd3c2fc1c2fe73f
  subpackages:
  - proto
- name: github.com/gorilla/mux
  version: 6137e193cdcba2725f16de84eaf0db2b769d9668
- name: github.com/gorilla/websocket
  version: 95ba29eb981bbb27d92e1f70bf8a1949452d926b
- name: github.com/hashicorp/consul
  version: adc245ce859dac7b7245b0f41fb6a667d814bbcb
  subpackages:
  - api
- name: github.com/hashicorp/go-cleanhttp
  version: e8ab9daed8d1ddd2d3c4efba338fe2eeae2e4f18
- name: github.com/hashicorp/go-immutable-radix
  version: 27df80928bb34bb1b0d6d0e01b9e679902e7a6b5
- name: github.com/hashicorp/go-rootcerts
  version: 6bb64b370b90e7ef1fa532be9e591a81c3493e00
- name: github.com/hashicorp/golang-lru
  version: 20f1fb78b0740ba8c3cb143a61e86ba5c8669768
  subpackages:
  - simplelru
- name: github.com/hashicorp/hcl
  version: 65a6292f0157eff210d03ed1bf6c59b190b8b906
  subpackages:
  - hcl/ast
  - hcl/parser
  - hcl/scanner
  - hcl/strconv
  - hcl/token
  - json/parser
  - json/scanner
  - json/token
- name: github.com/hashicorp/serf
  version: 4a3a10ccd1b09be9af798006fc9c85827b5f2ba6
  subpackages:
  - coordinate
- name: github.com/influxdata/influxdb
  version: 7db3db278bfafee3f10767b9322720035688f18b
  subpackages:
  - client/v2
  - models
  - pkg/escape
- name: github.com/influxdata/platform
  version: 3ee90eefc2d8f57d5208cfaa758772dbfe17b718
  subpackages:
  - models
  - pkg/escape
- name: github.com/jmespath/go-jmespath
  version: c2b33e8439af944379acbdd9c3a5fe0bc44bd8a5
- name: github.com/jtacoma/uritemplates
  version: 307ae868f90f4ee1b73ebe4596e0394237dacce8
- name: github.com/justinas/alice
  version: 03f45bd4b7dad4734bc4620e46a35789349abb20
- name: github.com/kr/logfmt
  version: b84e30acd515aadc4b783ad4ff83aff3299bdfe0
- name: github.com/magiconair/properties
  version: 7c38529aac7222391b7a2661365177a97e21b998
- name: github.com/matttproud/golang_protobuf_extensions
  version: c12348ce28de40eed0136aa2b644d0ee0650e56c
  subpackages:
  - pbutil
- name: github.com/miekg/dns
  version: 5f5f2380fc10ac3069b7b5f3bb043a38dfe68d58
- name: github.com/mitchellh/go-homedir
  version: ae18d6b8b3205b561c79e8e5f69bff09736185f4
- name: github.com/mitchellh/mapstructure
  version: 3536a929edddb9a5b34bd6861dc4a9647cb459fe
- name: github.com/pelletier/go-toml
  version: 27c6b39a135b7dc87a14afb068809132fb7a9a8f
- name: github.com/pmezard/go-difflib
  version: 792786c7400a136282c1664665ae0a8db921c6c2
  subpackages:
  - difflib
- name: github.com/prometheus/client_golang
  version: 967789050ba94deca04a5e84cce8ad472ce313c1
  subpackages:
  - prometheus
  - prometheus/promhttp
- name: github.com/prometheus/client_model
  version: 5c3871d89910bfb32f5fcab2aa4b9ec68e65a99f
  subpackages:
  - go
- name: github.com/prometheus/common
  version: 67670fe90761d7ff18ec1d640135e53b9198328f
  subpackages:
  - expfmt
  - internal/bitbucket.org/ww/goautoneg
  - model
- name: github.com/prometheus/procfs
  version: 1dc9a6cbc91aacc3e8b2d63db4d2e957a5394ac4
  subpackages:
  - internal/util
  - nfs
  - xfs
- name: github.com/samuel/go-zookeeper
  version: c4fab1ac1bec58281ad0667dc3f0907a9476ac47
  subpackages:
  - zk
- name: github.com/SermoDigital/jose
  version: 803625baeddc3526d01d321b5066029f53eafc81
  subpackages:
  - crypto
  - jws
  - jwt
- name: github.com/spaolacci/murmur3
  version: f09979ecbc725b9e6d41a297405f65e7e8804acc
- name: github.com/spf13/afero
  version: a5d6946387efe7d64d09dcba68cdd523dc1273a3
  subpackages:
  - mem
- name: github.com/spf13/cast
  version: 8c9545af88b134710ab1cd196795e7f2388358d7
- name: github.com/spf13/jwalterweatherman
  version: 94f6ae3ed3bceceafa716478c5fbf8d29ca601a1
- name: github.com/spf13/pflag
  version: 916c5bf2d89aff6fd3e10e7811337218dfa81cb5
- name: github.com/spf13/viper
  version: 25b30aa063fc18e48662b86996252eabdcf2f0c7
- name: github.com/stretchr/objx
  version: ef50b0de28773081167c97fc27cf29a0bf8b8c71
- name: github.com/stretchr/testify
  version: 5b93e2dc01fd8fbf32aa74a198b0ebe78f6f6b6f
  subpackages:
  - assert
  - mock
- name: github.com/ugorji/go
  version: 772ced7fd4c2f6322c07537a9a93b68d74551fa6
  subpackages:
  - codec
- name: github.com/VividCortex/gohistogram
  version: 51564d9861991fb0ad0f531c99ef602d0f9866e6
- name: golang.org/x/crypto
  version: 505ab145d0a99da450461ae2c1a9f6cd10d1f447
  subpackages:
  - ed25519
  - ed25519/internal/edwards25519
- name: golang.org/x/net
  version: 927f97764cc334a6575f4b7a1584a147864d5723
  subpackages:
  - bpf
  - internal/iana
  - internal/socket
  - ipv4
  - ipv6
- name: golang.org/x/sys
  version: b00e65af1da0681cde6c8227839a0ca53bbf16bb
  subpackages:
  - unix
- name: golang.org/x/text
  version: 17bcc049122f272a32787ba38073ee47433023e9
  subpackages:
  - transform
  - unicode/norm
- name: gopkg.in/natefinch/lumberjack.v2
  version: a96e63847dc3c67d17befa69c303767e2f84e54f
- name: gopkg.in/yaml.v2
  version: 51d6538a90f86fe93ac480b35f37b2be17fef232
testImports: []
